Microsoft Visual Studio Solution File, Format Version 12.00
# Visual Studio Version 17
VisualStudioVersion = 17.5.2.0
MinimumVisualStudioVersion = 10.0.40219.1
Project("{2150E333-8FDC-42A3-9474-1A3956D46DE8}") = "modules", "modules", "{CA253913-39DE-BFD0-C9A3-4B7EC6FBDF17}"
EndProject
Project("{FAE04EC0-301F-11D3-BF4B-00C04F79EFBC}") = "StarTup900Module", "modules\StarTup900Module\StarTup900Module.csproj", "{A82F8A4E-1150-792F-9160-3FE1DA936A11}"
EndProject
Global
	GlobalSection(SolutionConfigurationPlatforms) = preSolution
		Debug|Any CPU = Debug|Any CPU
		Release|Any CPU = Release|Any CPU
	EndGlobalSection
	GlobalSection(ProjectConfigurationPlatforms) = postSolution
		{A82F8A4E-1150-792F-9160-3FE1DA936A11}.Debug|Any CPU.ActiveCfg = Debug|Any CPU
		{A82F8A4E-1150-792F-9160-3FE1DA936A11}.Debug|Any CPU.Build.0 = Debug|Any CPU
		{A82F8A4E-1150-792F-9160-3FE1DA936A11}.Release|Any CPU.ActiveCfg = Release|Any CPU
		{A82F8A4E-1150-792F-9160-3FE1DA936A11}.Release|Any CPU.Build.0 = Release|Any CPU
	EndGlobalSection
	GlobalSection(SolutionProperties) = preSolution
		HideSolutionNode = FALSE
	EndGlobalSection
	GlobalSection(NestedProjects) = preSolution
		{A82F8A4E-1150-792F-9160-3FE1DA936A11} = {CA253913-39DE-BFD0-C9A3-4B7EC6FBDF17}
	EndGlobalSection
	GlobalSection(ExtensibilityGlobals) = postSolution
		SolutionGuid = {5709C97C-479C-429A-8B6F-1F18B15A3483}
	EndGlobalSection
EndGlobal
